{
  "object": {
    "pins": [
      {
        "package": "Kingfisher",
        "repositoryURL": "https://github.com/onevcat/Kingfisher.git",
        "state": {
          "branch": null,
          "revision": "3f0200463a2c747f985fa32845e7b70b0172474c",
          "version": "5.9.0"
        }
      },
      {
        "package": "OAuthSwift",
        "repositoryURL": "https://github.com/OAuthSwift/OAuthSwift.git",
        "state": {
          "branch": "master",
          "revision": "330ca09a23305028ad05aeeec46d05cebf485750",
          "version": null
        }
      },
      {
        "package": "Overture",
        "repositoryURL": "https://github.com/pointfreeco/swift-overture.git",
        "state": {
          "branch": null,
          "revision": "7977acd7597f413717058acc1e080731249a1d7e",
          "version": "0.5.0"
        }
      },
      {
        "package": "Swinject",
        "repositoryURL": "https://github.com/Swinject/Swinject.git",
        "state": {
          "branch": null,
          "revision": "8a76d2c74bafbb455763487cc6a08e91bad1f78b",
          "version": "2.7.1"
        }
      },
      {
        "package": "SwinjectAutoregistration",
        "repositoryURL": "https://github.com/Swinject/SwinjectAutoregistration.git",
        "state": {
          "branch": null,
          "revision": "09618f4e018e3f16745192bf88809d511e97ea83",
          "version": "2.6.1"
        }
      }
    ]
  },
  "version": 1
}
